// !$*UTF8*$!
{
	archiveVersion = 1;
	classes = {
	};
	objectVersion = 55;
	objects = {

/* Begin PBXBuildFile section */
		8589A47C27EA1E3400BC2039 /* AppDelegate.m in Sources */ = {isa = PBXBuildFile; fileRef = 8589A47B27EA1E3400BC2039 /* AppDelegate.m */; };
		8589A47F27EA1E3400BC2039 /* SceneDelegate.m in Sources */ = {isa = PBXBuildFile; fileRef = 8589A47E27EA1E3400BC2039 /* SceneDelegate.m */; };
		8589A48227EA1E3400BC2039 /* ViewController.m in Sources */ = {isa = PBXBuildFile; fileRef = 8589A48127EA1E3400BC2039 /* ViewController.m */; };
		8589A48527EA1E3400BC2039 /* Main.storyboard in Resources */ = {isa = PBXBuildFile; fileRef = 8589A48327EA1E3400BC2039 /* Main.storyboard */; };
		8589A48727EA1E3600BC2039 /* Assets.xcassets in Resources */ = {isa = PBXBuildFile; fileRef = 8589A48627EA1E3600BC2039 /* Assets.xcassets */; };
		8589A48A27EA1E3600BC2039 /* LaunchScreen.storyboard in Resources */ = {isa = PBXBuildFile; fileRef = 8589A48827EA1E3600BC2039 /* LaunchScreen.storyboard */; };
		8589A48D27EA1E3600BC2039 /* main.m in Sources */ = {isa = PBXBuildFile; fileRef = 8589A48C27EA1E3600BC2039 /* main.m */; };
		8589A49727EA1E3600BC2039 /* change_languageTests.m in Sources */ = {isa = PBXBuildFile; fileRef = 8589A49627EA1E3600BC2039 /* change_languageTests.m */; };
		8589A4A127EA1E3600BC2039 /* change_languageUITests.m in Sources */ = {isa = PBXBuildFile; fileRef = 8589A4A027EA1E3600BC2039 /* change_languageUITests.m */; };
		8589A4A327EA1E3600BC2039 /* change_languageUITestsLaunchTests.m in Sources */ = {isa = PBXBuildFile; fileRef = 8589A4A227EA1E3600BC2039 /* change_languageUITestsLaunchTests.m */; };
/* End PBXBuildFile section */

/* Begin PBXContainerItemProxy section */
		8589A49327EA1E3600BC2039 /* PBXContainerItemProxy */ = {
			isa = PBXContainerItemProxy;
			containerPortal = 8589A46F27EA1E3400BC2039 /* Project object */;
			proxyType = 1;
			remoteGlobalIDString = 8589A47627EA1E3400BC2039;
			remoteInfo = change_language;
		};
		8589A49D27EA1E3600BC2039 /* PBXContainerItemProxy */ = {
			isa = PBXContainerItemProxy;
			containerPortal = 8589A46F27EA1E3400BC2039 /* Project object */;
			proxyType = 1;
			remoteGlobalIDString = 8589A47627EA1E3400BC2039;
			remoteInfo = change_language;
		};
/* End PBXContainerItemProxy section */

/* Begin PBXFileReference section */
		8589A47727EA1E3400BC2039 /* change_language.app */ = {isa = PBXFileReference; explicitFileType = wrapper.application; includeInIndex = 0; path = change_language.app; sourceTree = BUILT_PRODUCTS_DIR; };
		8589A47A27EA1E3400BC2039 /* AppDelegate.h */ = {isa = PBXFileReference; lastKnownFileType = sourcecode.c.h; path = AppDelegate.h; sourceTree = "<group>"; };
		8589A47B27EA1E3400BC2039 /* AppDelegate.m */ = {isa = PBXFileReference; lastKnownFileType = sourcecode.c.objc; path = AppDelegate.m; sourceTree = "<group>"; };
		8589A47D27EA1E3400BC2039 /* SceneDelegate.h */ = {isa = PBXFileReference; lastKnownFileType = sourcecode.c.h; path = SceneDelegate.h; sourceTree = "<group>"; };
		8589A47E27EA1E3400BC2039 /* SceneDelegate.m */ = {isa = PBXFileReference; lastKnownFileType = sourcecode.c.objc; path = SceneDelegate.m; sourceTree = "<group>"; };
		8589A48027EA1E3400BC2039 /* ViewController.h */ = {isa = PBXFileReference; lastKnownFileType = sourcecode.c.h; path = ViewController.h; sourceTree = "<group>"; };
		8589A48127EA1E3400BC2039 /* ViewController.m */ = {isa = PBXFileReference; lastKnownFileType = sourcecode.c.objc; path = ViewController.m; sourceTree = "<group>"; };
		8589A48427EA1E3400BC2039 /* Base */ = {isa = PBXFileReference; lastKnownFileType = file.storyboard; name = Base; path = Base.lproj/Main.storyboard; sourceTree = "<group>"; };
		8589A48627EA1E3600BC2039 /* Assets.xcassets */ = {isa = PBXFileReference; lastKnownFileType = folder.assetcatalog; path = Assets.xcassets; sourceTree = "<group>"; };
		8589A48927EA1E3600BC2039 /* Base */ = {isa = PBXFileReference; lastKnownFileType = file.storyboard; name = Base; path = Base.lproj/LaunchScreen.storyboard; sourceTree = "<group>"; };
		8589A48B27EA1E3600BC2039 /* Info.plist */ = {isa = PBXFileReference; lastKnownFileType = text.plist.xml; path = Info.plist; sourceTree = "<group>"; };
		8589A48C27EA1E3600BC2039 /* main.m */ = {isa = PBXFileReference; lastKnownFileType = sourcecode.c.objc; path = main.m; sourceTree = "<group>"; };
		8589A49227EA1E3600BC2039 /* change_languageTests.xctest */ = {isa = PBXFileReference; explicitFileType = wrapper.cfbundle; includeInIndex = 0; path = change_languageTests.xctest; sourceTree = BUILT_PRODUCTS_DIR; };
		8589A49627EA1E3600BC2039 /* change_languageTests.m */ = {isa = PBXFileReference; lastKnownFileType = sourcecode.c.objc; path = change_languageTests.m; sourceTree = "<group>"; };
		8589A49C27EA1E3600BC2039 /* change_languageUITests.xctest */ = {isa = PBXFileReference; explicitFileType = wrapper.cfbundle; includeInIndex = 0; path = change_languageUITests.xctest; sourceTree = BUILT_PRODUCTS_DIR; };
		8589A4A027EA1E3600BC2039 /* change_languageUITests.m */ = {isa = PBXFileReference; lastKnownFileType = sourcecode.c.objc; path = change_languageUITests.m; sourceTree = "<group>"; };
		8589A4A227EA1E3600BC2039 /* change_languageUITestsLaunchTests.m */ = {isa = PBXFileReference; lastKnownFileType = sourcecode.c.objc; path = change_languageUITestsLaunchTests.m; sourceTree = "<group>"; };
/* End PBXFileReference section */

/* Begin PBXFrameworksBuildPhase section */
		8589A47427EA1E3400BC2039 /* Frameworks */ = {
			isa = PBXFrameworksBuildPhase;
			buildActionMask = 2147483647;
			files = (
			);
			runOnlyForDeploymentPostprocessing = 0;
		};
		8589A48F27EA1E3600BC2039 /* Frameworks */ = {
			isa = PBXFrameworksBuildPhase;
			buildActionMask = 2147483647;
			files = (
			);
			runOnlyForDeploymentPostprocessing = 0;
		};
		8589A49927EA1E3600BC2039 /* Frameworks */ = {
			isa = PBXFrameworksBuildPhase;
			buildActionMask = 2147483647;
			files = (
			);
			runOnlyForDeploymentPostprocessing = 0;
		};
/* End PBXFrameworksBuildPhase section */

/* Begin PBXGroup section */
		8589A46E27EA1E3400BC2039 = {
			isa = PBXGroup;
			children = (
				8589A47927EA1E3400BC2039 /* change_language */,
				8589A49527EA1E3600BC2039 /* change_languageTests */,
				8589A49F27EA1E3600BC2039 /* change_languageUITests */,
				8589A47827EA1E3400BC2039 /* Products */,
			);
			sourceTree = "<group>";
		};
		8589A47827EA1E3400BC2039 /* Products */ = {
			isa = PBXGroup;
			children = (
				8589A47727EA1E3400BC2039 /* change_language.app */,
				8589A49227EA1E3600BC2039 /* change_languageTests.xctest */,
				8589A49C27EA1E3600BC2039 /* change_languageUITests.xctest */,
			);
			name = Products;
			sourceTree = "<group>";
		};
		8589A47927EA1E3400BC2039 /* change_language */ = {
			isa = PBXGroup;
			children = (
				8589A47A27EA1E3400BC2039 /* AppDelegate.h */,
				8589A47B27EA1E3400BC2039 /* AppDelegate.m */,
				8589A47D27EA1E3400BC2039 /* SceneDelegate.h */,
				8589A47E27EA1E3400BC2039 /* SceneDelegate.m */,
				8589A48027EA1E3400BC2039 /* ViewController.h */,
				8589A48127EA1E3400BC2039 /* ViewController.m */,
				8589A48327EA1E3400BC2039 /* Main.storyboard */,
				8589A48627EA1E3600BC2039 /* Assets.xcassets */,
				8589A48827EA1E3600BC2039 /* LaunchScreen.storyboard */,
				8589A48B27EA1E3600BC2039 /* Info.plist */,
				8589A48C27EA1E3600BC2039 /* main.m */,
			);
			path = change_language;
			sourceTree = "<group>";
		};
		8589A49527EA1E3600BC2039 /* change_languageTests */ = {
			isa = PBXGroup;
			children = (
				8589A49627EA1E3600BC2039 /* change_languageTests.m */,
			);
			path = change_languageTests;
			sourceTree = "<group>";
		};
		8589A49F27EA1E3600BC2039 /* change_languageUITests */ = {
			isa = PBXGroup;
			children = (
				8589A4A027EA1E3600BC2039 /* change_languageUITests.m */,
				8589A4A227EA1E3600BC2039 /* change_languageUITestsLaunchTests.m */,
			);
			path = change_languageUITests;
			sourceTree = "<group>";
		};
/* End PBXGroup section */

/* Begin PBXNativeTarget section */
		8589A47627EA1E3400BC2039 /* change_language */ = {
			isa = PBXNativeTarget;
			buildConfigurationList = 8589A4A627EA1E3600BC2039 /* Build configuration list for PBXNativeTarget "change_language" */;
			buildPhases = (
				8589A47327EA1E3400BC2039 /* Sources */,
				8589A47427EA1E3400BC2039 /* Frameworks */,
				8589A47527EA1E3400BC2039 /* Resources */,
			);
			buildRules = (
			);
			dependencies = (
			);
			name = change_language;
			productName = change_language;
			productReference = 8589A47727EA1E3400BC2039 /* change_language.app */;
			productType = "com.apple.product-type.application";
		};
		8589A49127EA1E3600BC2039 /* change_languageTests */ = {
			isa = PBXNativeTarget;
			buildConfigurationList = 8589A4A927EA1E3600BC2039 /* Build configuration list for PBXNativeTarget "change_languageTests" */;
			buildPhases = (
				8589A48E27EA1E3600BC2039 /* Sources */,
				8589A48F27EA1E3600BC2039 /* Frameworks */,
				8589A49027EA1E3600BC2039 /* Resources */,
			);
			buildRules = (
			);
			dependencies = (
				8589A49427EA1E3600BC2039 /* PBXTargetDependency */,
			);
			name = change_languageTests;
			productName = change_languageTests;
			productReference = 8589A49227EA1E3600BC2039 /* change_languageTests.xctest */;
			productType = "com.apple.product-type.bundle.unit-test";
		};
		8589A49B27EA1E3600BC2039 /* change_languageUITests */ = {
			isa = PBXNativeTarget;
			buildConfigurationList = 8589A4AC27EA1E3600BC2039 /* Build configuration list for PBXNativeTarget "change_languageUITests" */;
			buildPhases = (
				8589A49827EA1E3600BC2039 /* Sources */,
				8589A49927EA1E3600BC2039 /* Frameworks */,
				8589A49A27EA1E3600BC2039 /* Resources */,
			);
			buildRules = (
			);
			dependencies = (
				8589A49E27EA1E3600BC2039 /* PBXTargetDependency */,
			);
			name = change_languageUITests;
			productName = change_languageUITests;
			productReference = 8589A49C27EA1E3600BC2039 /* change_languageUITests.xctest */;
			productType = "com.apple.product-type.bundle.ui-testing";
		};
/* End PBXNativeTarget section */

/* Begin PBXProject section */
		8589A46F27EA1E3400BC2039 /* Project object */ = {
			isa = PBXProject;
			attributes = {
				BuildIndependentTargetsInParallel = 1;
				LastUpgradeCheck = 1330;
				TargetAttributes = {
					8589A47627EA1E3400BC2039 = {
						CreatedOnToolsVersion = 13.3;
					};
					8589A49127EA1E3600BC2039 = {
						CreatedOnToolsVersion = 13.3;
						TestTargetID = 8589A47627EA1E3400BC2039;
					};
					8589A49B27EA1E3600BC2039 = {
						CreatedOnToolsVersion = 13.3;
						TestTargetID = 8589A47627EA1E3400BC2039;
					};
				};
			};
			buildConfigurationList = 8589A47227EA1E3400BC2039 /* Build configuration list for PBXProject "change_language" */;
			compatibilityVersion = "Xcode 13.0";
			developmentRegion = en;
			hasScannedForEncodings = 0;
			knownRegions = (
				en,
				Base,
			);
			mainGroup = 8589A46E27EA1E3400BC2039;
			productRefGroup = 8589A47827EA1E3400BC2039 /* Products */;
			projectDirPath = "";
			projectRoot = "";
			targets = (
				8589A47627EA1E3400BC2039 /* change_language */,
				8589A49127EA1E3600BC2039 /* change_languageTests */,
				8589A49B27EA1E3600BC2039 /* change_languageUITests */,
			);
		};
/* End PBXProject section */

/* Begin PBXResourcesBuildPhase section */
		8589A47527EA1E3400BC2039 /* Resources */ = {
			isa = PBXResourcesBuildPhase;
			buildActionMask = 2147483647;
			files = (
				8589A48A27EA1E3600BC2039 /* LaunchScreen.storyboard in Resources */,
				8589A48727EA1E3600BC2039 /* Assets.xcassets in Resources */,
				8589A48527EA1E3400BC2039 /* Main.storyboard in Resources */,
			);
			runOnlyForDeploymentPostprocessing = 0;
		};
		8589A49027EA1E3600BC2039 /* Resources */ = {
			isa = PBXResourcesBuildPhase;
			buildActionMask = 2147483647;
			files = (
			);
			runOnlyForDeploymentPostprocessing = 0;
		};
		8589A49A27EA1E3600BC2039 /* Resources */ = {
			isa = PBXResourcesBuildPhase;
			buildActionMask = 2147483647;
			files = (
			);
			runOnlyForDeploymentPostprocessing = 0;
		};
/* End PBXResourcesBuildPhase section */

/* Begin PBXSourcesBuildPhase section */
		8589A47327EA1E3400BC2039 /* Sources */ = {
			isa = PBXSourcesBuildPhase;
			buildActionMask = 2147483647;
			files = (
				8589A48227EA1E3400BC2039 /* ViewController.m in Sources */,
				8589A47C27EA1E3400BC2039 /* AppDelegate.m in Sources */,
				8589A48D27EA1E3600BC2039 /* main.m in Sources */,
				8589A47F27EA1E3400BC2039 /* SceneDelegate.m in Sources */,
			);
			runOnlyForDeploymentPostprocessing = 0;
		};
		8589A48E27EA1E3600BC2039 /* Sources */ = {
			isa = PBXSourcesBuildPhase;
			buildActionMask = 2147483647;
			files = (
				8589A49727EA1E3600BC2039 /* change_languageTests.m in Sources */,
			);
			runOnlyForDeploymentPostprocessing = 0;
		};
		8589A49827EA1E3600BC2039 /* Sources */ = {
			isa = PBXSourcesBuildPhase;
			buildActionMask = 2147483647;
			files = (
				8589A4A327EA1E3600BC2039 /* change_languageUITestsLaunchTests.m in Sources */,
				8589A4A127EA1E3600BC2039 /* change_languageUITests.m in Sources */,
			);
			runOnlyForDeploymentPostprocessing = 0;
		};
/* End PBXSourcesBuildPhase section */

/* Begin PBXTargetDependency section */
		8589A49427EA1E3600BC2039 /* PBXTargetDependency */ = {
			isa = PBXTargetDependency;
			target = 8589A47627EA1E3400BC2039 /* change_language */;
			targetProxy = 8589A49327EA1E3600BC2039 /* PBXContainerItemProxy */;
		};
		8589A49E27EA1E3600BC2039 /* PBXTargetDependency */ = {
			isa = PBXTargetDependency;
			target = 8589A47627EA1E3400BC2039 /* change_language */;
			targetProxy = 8589A49D27EA1E3600BC2039 /* PBXContainerItemProxy */;
		};
/* End PBXTargetDependency section */

/* Begin PBXVariantGroup section */
		8589A48327EA1E3400BC2039 /* Main.storyboard */ = {
			isa = PBXVariantGroup;
			children = (
				8589A48427EA1E3400BC2039 /* Base */,
			);
			name = Main.storyboard;
			sourceTree = "<group>";
		};
		8589A48827EA1E3600BC2039 /* LaunchScreen.storyboard */ = {
			isa = PBXVariantGroup;
			children = (
				8589A48927EA1E3600BC2039 /* Base */,
			);
			name = LaunchScreen.storyboard;
			sourceTree = "<group>";
		};
/* End PBXVariantGroup section */

/* Begin XCBuildConfiguration section */
		8589A4A427EA1E3600BC2039 /* Debug */ = {
			isa = XCBuildConfiguration;
			buildSettings = {
				ALWAYS_SEARCH_USER_PATHS = NO;
				CLANG_ANALYZER_NONNULL = YES;
				CLANG_ANALYZER_NUMBER_OBJECT_CONVERSION = YES_AGGRESSIVE;
				CLANG_CXX_LANGUAGE_STANDARD = "gnu++17";
				CLANG_ENABLE_MODULES = YES;
				CLANG_ENABLE_OBJC_ARC = YES;
				CLANG_ENABLE_OBJC_WEAK = YES;
				CLANG_WARN_BLOCK_CAPTURE_AUTORELEASING = YES;
				CLANG_WARN_BOOL_CONVERSION = YES;
				CLANG_WARN_COMMA = YES;
				CLANG_WARN_CONSTANT_CONVERSION = YES;
				CLANG_WARN_DEPRECATED_OBJC_IMPLEMENTATIONS = YES;
				CLANG_WARN_DIRECT_OBJC_ISA_USAGE = YES_ERROR;
				CLANG_WARN_DOCUMENTATION_COMMENTS = YES;
				CLANG_WARN_EMPTY_BODY = YES;
				CLANG_WARN_ENUM_CONVERSION = YES;
				CLANG_WARN_INFINITE_RECURSION = YES;
				CLANG_WARN_INT_CONVERSION = YES;
				CLANG_WARN_NON_LITERAL_NULL_CONVERSION = YES;
				CLANG_WARN_OBJC_IMPLICIT_RETAIN_SELF = YES;
				CLANG_WARN_OBJC_LITERAL_CONVERSION = YES;
				CLANG_WARN_OBJC_ROOT_CLASS = YES_ERROR;
				CLANG_WARN_QUOTED_INCLUDE_IN_FRAMEWORK_HEADER = YES;
				CLANG_WARN_RANGE_LOOP_ANALYSIS = YES;
				CLANG_WARN_STRICT_PROTOTYPES = YES;
				CLANG_WARN_SUSPICIOUS_MOVE = YES;
				CLANG_WARN_UNGUARDED_AVAILABILITY = YES_AGGRESSIVE;
				CLANG_WARN_UNREACHABLE_CODE = YES;
				CLANG_WARN__DUPLICATE_METHOD_MATCH = YES;
				COPY_PHASE_STRIP = NO;
				DEBUG_INFORMATION_FORMAT = dwarf;
				ENABLE_STRICT_OBJC_MSGSEND = YES;
				ENABLE_TESTABILITY = YES;
				GCC_C_LANGUAGE_STANDARD = gnu11;
				GCC_DYNAMIC_NO_PIC = NO;
				GCC_NO_COMMON_BLOCKS = YES;
				GCC_OPTIMIZATION_LEVEL = 0;
				GCC_PREPROCESSOR_DEFINITIONS = (
					"DEBUG=1",
					"$(inherited)",
				);
				GCC_WARN_64_TO_32_BIT_CONVERSION = YES;
				GCC_WARN_ABOUT_RETURN_TYPE = YES_ERROR;
				GCC_WARN_UNDECLARED_SELECTOR = YES;
				GCC_WARN_UNINITIALIZED_AUTOS = YES_AGGRESSIVE;
				GCC_WARN_UNUSED_FUNCTION = YES;
				GCC_WARN_UNUSED_VARIABLE = YES;
				IPHONEOS_DEPLOYMENT_TARGET = 15.4;
				MTL_ENABLE_DEBUG_INFO = INCLUDE_SOURCE;
				MTL_FAST_MATH = YES;
				ONLY_ACTIVE_ARCH = YES;
				SDKROOT = iphoneos;
			};
			name = Debug;
		};
		8589A4A527EA1E3600BC2039 /* Release */ = {
			isa = XCBuildConfiguration;
			buildSettings = {
				ALWAYS_SEARCH_USER_PATHS = NO;
				CLANG_ANALYZER_NONNULL = YES;
				CLANG_ANALYZER_NUMBER_OBJECT_CONVERSION = YES_AGGRESSIVE;
				CLANG_CXX_LANGUAGE_STANDARD = "gnu++17";
				CLANG_ENABLE_MODULES = YES;
				CLANG_ENABLE_OBJC_ARC = YES;
				CLANG_ENABLE_OBJC_WEAK = YES;
				CLANG_WARN_BLOCK_CAPTURE_AUTORELEASING = YES;
				CLANG_WARN_BOOL_CONVERSION = YES;
				CLANG_WARN_COMMA = YES;
				CLANG_WARN_CONSTANT_CONVERSION = YES;
				CLANG_WARN_DEPRECATED_OBJC_IMPLEMENTATIONS = YES;
				CLANG_WARN_DIRECT_OBJC_ISA_USAGE = YES_ERROR;
				CLANG_WARN_DOCUMENTATION_COMMENTS = YES;
				CLANG_WARN_EMPTY_BODY = YES;
				CLANG_WARN_ENUM_CONVERSION = YES;
				CLANG_WARN_INFINITE_RECURSION = YES;
				CLANG_WARN_INT_CONVERSION = YES;
				CLANG_WARN_NON_LITERAL_NULL_CONVERSION = YES;
				CLANG_WARN_OBJC_IMPLICIT_RETAIN_SELF = YES;
				CLANG_WARN_OBJC_LITERAL_CONVERSION = YES;
				CLANG_WARN_OBJC_ROOT_CLASS = YES_ERROR;
				CLANG_WARN_QUOTED_INCLUDE_IN_FRAMEWORK_HEADER = YES;
				CLANG_WARN_RANGE_LOOP_ANALYSIS = YES;
				CLANG_WARN_STRICT_PROTOTYPES = YES;
				CLANG_WARN_SUSPICIOUS_MOVE = YES;
				CLANG_WARN_UNGUARDED_AVAILABILITY = YES_AGGRESSIVE;
				CLANG_WARN_UNREACHABLE_CODE = YES;
				CLANG_WARN__DUPLICATE_METHOD_MATCH = YES;
				COPY_PHASE_STRIP = NO;
				DEBUG_INFORMATION_FORMAT = "dwarf-with-dsym";
				ENABLE_NS_ASSERTIONS = NO;
				ENABLE_STRICT_OBJC_MSGSEND = YES;
				GCC_C_LANGUAGE_STANDARD = gnu11;
				GCC_NO_COMMON_BLOCKS = YES;
				GCC_WARN_64_TO_32_BIT_CONVERSION = YES;
				GCC_WARN_ABOUT_RETURN_TYPE = YES_ERROR;
				GCC_WARN_UNDECLARED_SELECTOR = YES;
				GCC_WARN_UNINITIALIZED_AUTOS = YES_AGGRESSIVE;
				GCC_WARN_UNUSED_FUNCTION = YES;
				GCC_WARN_UNUSED_VARIABLE = YES;
				IPHONEOS_DEPLOYMENT_TARGET = 15.4;
				MTL_ENABLE_DEBUG_INFO = NO;
				MTL_FAST_MATH = YES;
				SDKROOT = iphoneos;
				VALIDATE_PRODUCT = YES;
			};
			name = Release;
		};
		8589A4A727EA1E3600BC2039 /* Debug */ = {
			isa = XCBuildConfiguration;
			buildSettings = {
				ASSETCATALOG_COMPILER_APPICON_NAME = AppIcon;
				ASSETCATALOG_COMPILER_GLOBAL_ACCENT_COLOR_NAME = AccentColor;
				CODE_SIGN_STYLE = Automatic;
				CURRENT_PROJECT_VERSION = 1;
				DEVELOPMENT_TEAM = 97N29G979Y;
				GENERATE_INFOPLIST_FILE = YES;
				INFOPLIST_FILE = change_language/Info.plist;
				INFOPLIST_KEY_UIApplicationSupportsIndirectInputEvents = YES;
				INFOPLIST_KEY_UILaunchStoryboardName = LaunchScreen;
				INFOPLIST_KEY_UIMainStoryboardFile = Main;
				INFOPLIST_KEY_UISupportedInterfaceOrientations_iPad = "UIInterfaceOrientationPortrait UIInterfaceOrientationPortraitUpsideDown UIInterfaceOrientationLandscapeLeft UIInterfaceOrientationLandscapeRight";
				INFOPLIST_KEY_UISupportedInterfaceOrientations_iPhone = "UIInterfaceOrientationPortrait UIInterfaceOrientationLandscapeLeft UIInterfaceOrientationLandscapeRight";
				LD_RUNPATH_SEARCH_PATHS = (
					"$(inherited)",
					"@executable_path/Frameworks",
				);
				MARKETING_VERSION = 1.0;
				PRODUCT_BUNDLE_IDENTIFIER = "john.change-language";
				PRODUCT_NAME = "$(TARGET_NAME)";
				SWIFT_EMIT_LOC_STRINGS = YES;
				TARGETED_DEVICE_FAMILY = "1,2";
			};
			name = Debug;
		};
		8589A4A827EA1E3600BC2039 /* Release */ = {
			isa = XCBuildConfiguration;
			buildSettings = {
				ASSETCATALOG_COMPILER_APPICON_NAME = AppIcon;
				ASSETCATALOG_COMPILER_GLOBAL_ACCENT_COLOR_NAME = AccentColor;
				CODE_SIGN_STYLE = Automatic;
				CURRENT_PROJECT_VERSION = 1;
				DEVELOPMENT_TEAM = 97N29G979Y;
				GENERATE_INFOPLIST_FILE = YES;
				INFOPLIST_FILE = change_language/Info.plist;
				INFOPLIST_KEY_UIApplicationSupportsIndirectInputEvents = YES;
				INFOPLIST_KEY_UILaunchStoryboardName = LaunchScreen;
				INFOPLIST_KEY_UIMainStoryboardFile = Main;
				INFOPLIST_KEY_UISupportedInterfaceOrientations_iPad = "UIInterfaceOrientationPortrait UIInterfaceOrientationPortraitUpsideDown UIInterfaceOrientationLandscapeLeft UIInterfaceOrientationLandscapeRight";
				INFOPLIST_KEY_UISupportedInterfaceOrientations_iPhone = "UIInterfaceOrientationPortrait UIInterfaceOrientationLandscapeLeft UIInterfaceOrientationLandscapeRight";
				LD_RUNPATH_SEARCH_PATHS = (
					"$(inherited)",
					"@executable_path/Frameworks",
				);
				MARKETING_VERSION = 1.0;
				PRODUCT_BUNDLE_IDENTIFIER = "john.change-language";
				PRODUCT_NAME = "$(TARGET_NAME)";
				SWIFT_EMIT_LOC_STRINGS = YES;
				TARGETED_DEVICE_FAMILY = "1,2";
			};
			name = Release;
		};
		8589A4AA27EA1E3600BC2039 /* Debug */ = {
			isa = XCBuildConfiguration;
			buildSettings = {
				BUNDLE_LOADER = "$(TEST_HOST)";
				CODE_SIGN_STYLE = Automatic;
				CURRENT_PROJECT_VERSION = 1;
				DEVELOPMENT_TEAM = 97N29G979Y;
				GENERATE_INFOPLIST_FILE = YES;
				IPHONEOS_DEPLOYMENT_TARGET = 15.4;
				MARKETING_VERSION = 1.0;
				PRODUCT_BUNDLE_IDENTIFIER = "john.change-languageTests";
				PRODUCT_NAME = "$(TARGET_NAME)";
				SWIFT_EMIT_LOC_STRINGS = NO;
				TARGETED_DEVICE_FAMILY = "1,2";
				TEST_HOST = "$(BUILT_PRODUCTS_DIR)/change_language.app/change_language";
			};
			name = Debug;
		};
		8589A4AB27EA1E3600BC2039 /* Release */ = {
			isa = XCBuildConfiguration;
			buildSettings = {
				BUNDLE_LOADER = "$(TEST_HOST)";
				CODE_SIGN_STYLE = Automatic;
				CURRENT_PROJECT_VERSION = 1;
				DEVELOPMENT_TEAM = 97N29G979Y;
				GENERATE_INFOPLIST_FILE = YES;
				IPHONEOS_DEPLOYMENT_TARGET = 15.4;
				MARKETING_VERSION = 1.0;
				PRODUCT_BUNDLE_IDENTIFIER = "john.change-languageTests";
				PRODUCT_NAME = "$(TARGET_NAME)";
				SWIFT_EMIT_LOC_STRINGS = NO;
				TARGETED_DEVICE_FAMILY = "1,2";
				TEST_HOST = "$(BUILT_PRODUCTS_DIR)/change_language.app/change_language";
			};
			name = Release;
		};
		8589A4AD27EA1E3600BC2039 /* Debug */ = {
			isa = XCBuildConfiguration;
			buildSettings = {
				CODE_SIGN_STYLE = Automatic;
				CURRENT_PROJECT_VERSION = 1;
				DEVELOPMENT_TEAM = 97N29G979Y;
				GENERATE_INFOPLIST_FILE = YES;
				MARKETING_VERSION = 1.0;
				PRODUCT_BUNDLE_IDENTIFIER = "john.change-languageUITests";
				PRODUCT_NAME = "$(TARGET_NAME)";
				SWIFT_EMIT_LOC_STRINGS = NO;
				TARGETED_DEVICE_FAMILY = "1,2";
				TEST_TARGET_NAME = change_language;
			};
			name = Debug;
		};
		8589A4AE27EA1E3600BC2039 /* Release */ = {
			isa = XCBuildConfiguration;
			buildSettings = {
				CODE_SIGN_STYLE = Automatic;
				CURRENT_PROJECT_VERSION = 1;
				DEVELOPMENT_TEAM = 97N29G979Y;
				GENERATE_INFOPLIST_FILE = YES;
				MARKETING_VERSION = 1.0;
				PRODUCT_BUNDLE_IDENTIFIER = "john.change-languageUITests";
				PRODUCT_NAME = "$(TARGET_NAME)";
				SWIFT_EMIT_LOC_STRINGS = NO;
				TARGETED_DEVICE_FAMILY = "1,2";
				TEST_TARGET_NAME = change_language;
			};
			name = Release;
		};
/* End XCBuildConfiguration section */

/* Begin XCConfigurationList section */
		8589A47227EA1E3400BC2039 /* Build configuration list for PBXProject "change_language" */ = {
			isa = XCConfigurationList;
			buildConfigurations = (
				8589A4A427EA1E3600BC2039 /* Debug */,
				8589A4A527EA1E3600BC2039 /* Release */,
			);
			defaultConfigurationIsVisible = 0;
			defaultConfigurationName = Release;
		};
		8589A4A627EA1E3600BC2039 /* Build configuration list for PBXNativeTarget "change_language" */ = {
			isa = XCConfigurationList;
			buildConfigurations = (
				8589A4A727EA1E3600BC2039 /* Debug */,
				8589A4A827EA1E3600BC2039 /* Release */,
			);
			defaultConfigurationIsVisible = 0;
			defaultConfigurationName = Release;
		};
		8589A4A927EA1E3600BC2039 /* Build configuration list for PBXNativeTarget "change_languageTests" */ = {
			isa = XCConfigurationList;
			buildConfigurations = (
				8589A4AA27EA1E3600BC2039 /* Debug */,
				8589A4AB27EA1E3600BC2039 /* Release */,
			);
			defaultConfigurationIsVisible = 0;
			defaultConfigurationName = Release;
		};
		8589A4AC27EA1E3600BC2039 /* Build configuration list for PBXNativeTarget "change_languageUITests" */ = {
			isa = XCConfigurationList;
			buildConfigurations = (
				8589A4AD27EA1E3600BC2039 /* Debug */,
				8589A4AE27EA1E3600BC2039 /* Release */,
			);
			defaultConfigurationIsVisible = 0;
			defaultConfigurationName = Release;
		};
/* End XCConfigurationList section */
	};
	rootObject = 8589A46F27EA1E3400BC2039 /* Project object */;
}
